Microsoft Visual Studio Solution File, Format Version 12.00
# Visual Studio 2013
VisualStudioVersion = 12.0.21005.1
MinimumVisualStudioVersion = 10.0.40219.1
Project("{8BC9CEB8-8B4A-11D0-8D11-00A0C91BC942}") = "ALL_BUILD", "ALL_BUILD.vcxproj", "{C89AF08F-7D35-31E8-8770-8441CC9E90BF}"
	ProjectSection(ProjectDependencies) = postProject
		{56BF1D85-7145-3D9C-BB00-CBE1BAE2CA16} = {56BF1D85-7145-3D9C-BB00-CBE1BAE2CA16}
		{CC7FA5ED-0A5D-3AF2-B6F5-73F83BD06449} = {CC7FA5ED-0A5D-3AF2-B6F5-73F83BD06449}
		{DF2DCBCC-C797-3D52-AB6C-7F1B3D8CB64A} = {DF2DCBCC-C797-3D52-AB6C-7F1B3D8CB64A}
		{9E75CBC3-2BDD-3CD5-BCA7-E2291D512C15} = {9E75CBC3-2BDD-3CD5-BCA7-E2291D512C15}
		{71C5BDB6-8A2D-3982-8B3E-B69CBE9A87AD} = {71C5BDB6-8A2D-3982-8B3E-B69CBE9A87AD}
	EndProjectSection
EndProject
Project("{8BC9CEB8-8B4A-11D0-8D11-00A0C91BC942}") = "INSTALL", "INSTALL.vcxproj", "{E0C50239-71E0-387F-BC53-B4DF7639D58F}"
	ProjectSection(ProjectDependencies) = postProject
		{C89AF08F-7D35-31E8-8770-8441CC9E90BF} = {C89AF08F-7D35-31E8-8770-8441CC9E90BF}
		{56BF1D85-7145-3D9C-BB00-CBE1BAE2CA16} = {56BF1D85-7145-3D9C-BB00-CBE1BAE2CA16}
	EndProjectSection
EndProject
Project("{8BC9CEB8-8B4A-11D0-8D11-00A0C91BC942}") = "ZERO_CHECK", "ZERO_CHECK.vcxproj", "{56BF1D85-7145-3D9C-BB00-CBE1BAE2CA16}"
EndProject
Project("{8BC9CEB8-8B4A-11D0-8D11-00A0C91BC942}") = "libqr_shared", "libqr_shared.vcxproj", "{CC7FA5ED-0A5D-3AF2-B6F5-73F83BD06449}"
	ProjectSection(ProjectDependencies) = postProject
		{56BF1D85-7145-3D9C-BB00-CBE1BAE2CA16} = {56BF1D85-7145-3D9C-BB00-CBE1BAE2CA16}
	EndProjectSection
EndProject
Project("{8BC9CEB8-8B4A-11D0-8D11-00A0C91BC942}") = "libqr_static", "libqr_static.vcxproj", "{DF2DCBCC-C797-3D52-AB6C-7F1B3D8CB64A}"
	ProjectSection(ProjectDependencies) = postProject
		{56BF1D85-7145-3D9C-BB00-CBE1BAE2CA16} = {56BF1D85-7145-3D9C-BB00-CBE1BAE2CA16}
	EndProjectSection
EndProject
Project("{8BC9CEB8-8B4A-11D0-8D11-00A0C91BC942}") = "qrcmd", "qrcmd.vcxproj", "{9E75CBC3-2BDD-3CD5-BCA7-E2291D512C15}"
	ProjectSection(ProjectDependencies) = postProject
		{56BF1D85-7145-3D9C-BB00-CBE1BAE2CA16} = {56BF1D85-7145-3D9C-BB00-CBE1BAE2CA16}
		{CC7FA5ED-0A5D-3AF2-B6F5-73F83BD06449} = {CC7FA5ED-0A5D-3AF2-B6F5-73F83BD06449}
	EndProjectSection
EndProject
Project("{8BC9CEB8-8B4A-11D0-8D11-00A0C91BC942}") = "qrcmd_multi", "qrcmd_multi.vcxproj", "{71C5BDB6-8A2D-3982-8B3E-B69CBE9A87AD}"
	ProjectSection(ProjectDependencies) = postProject
		{56BF1D85-7145-3D9C-BB00-CBE1BAE2CA16} = {56BF1D85-7145-3D9C-BB00-CBE1BAE2CA16}
		{CC7FA5ED-0A5D-3AF2-B6F5-73F83BD06449} = {CC7FA5ED-0A5D-3AF2-B6F5-73F83BD06449}
	EndProjectSection
EndProject
Project("{8BC9CEB8-8B4A-11D0-8D11-00A0C91BC942}") = "test", "..\test\test.vcxproj", "{14C2B8A9-9618-4AD1-BB20-9665B7E41F58}"
EndProject
Global
	GlobalSection(SolutionConfigurationPlatforms) = preSolution
		Debug|Win32 = Debug|Win32
		MinSizeRel|Win32 = MinSizeRel|Win32
		Release|Win32 = Release|Win32
		RelWithDebInfo|Win32 = RelWithDebInfo|Win32
	EndGlobalSection
	GlobalSection(ProjectConfigurationPlatforms) = postSolution
		{C89AF08F-7D35-31E8-8770-8441CC9E90BF}.Debug|Win32.ActiveCfg = Debug|Win32
		{C89AF08F-7D35-31E8-8770-8441CC9E90BF}.Debug|Win32.Build.0 = Debug|Win32
		{C89AF08F-7D35-31E8-8770-8441CC9E90BF}.MinSizeRel|Win32.ActiveCfg = MinSizeRel|Win32
		{C89AF08F-7D35-31E8-8770-8441CC9E90BF}.MinSizeRel|Win32.Build.0 = MinSizeRel|Win32
		{C89AF08F-7D35-31E8-8770-8441CC9E90BF}.Release|Win32.ActiveCfg = Release|Win32
		{C89AF08F-7D35-31E8-8770-8441CC9E90BF}.Release|Win32.Build.0 = Release|Win32
		{C89AF08F-7D35-31E8-8770-8441CC9E90BF}.RelWithDebInfo|Win32.ActiveCfg = RelWithDebInfo|Win32
		{C89AF08F-7D35-31E8-8770-8441CC9E90BF}.RelWithDebInfo|Win32.Build.0 = RelWithDebInfo|Win32
		{E0C50239-71E0-387F-BC53-B4DF7639D58F}.Debug|Win32.ActiveCfg = Debug|Win32
		{E0C50239-71E0-387F-BC53-B4DF7639D58F}.MinSizeRel|Win32.ActiveCfg = MinSizeRel|Win32
		{E0C50239-71E0-387F-BC53-B4DF7639D58F}.Release|Win32.ActiveCfg = Release|Win32
		{E0C50239-71E0-387F-BC53-B4DF7639D58F}.RelWithDebInfo|Win32.ActiveCfg = RelWithDebInfo|Win32
		{56BF1D85-7145-3D9C-BB00-CBE1BAE2CA16}.Debug|Win32.ActiveCfg = Debug|Win32
		{56BF1D85-7145-3D9C-BB00-CBE1BAE2CA16}.Debug|Win32.Build.0 = Debug|Win32
		{56BF1D85-7145-3D9C-BB00-CBE1BAE2CA16}.MinSizeRel|Win32.ActiveCfg = MinSizeRel|Win32
		{56BF1D85-7145-3D9C-BB00-CBE1BAE2CA16}.MinSizeRel|Win32.Build.0 = MinSizeRel|Win32
		{56BF1D85-7145-3D9C-BB00-CBE1BAE2CA16}.Release|Win32.ActiveCfg = Release|Win32
		{56BF1D85-7145-3D9C-BB00-CBE1BAE2CA16}.Release|Win32.Build.0 = Release|Win32
		{56BF1D85-7145-3D9C-BB00-CBE1BAE2CA16}.RelWithDebInfo|Win32.ActiveCfg = RelWithDebInfo|Win32
		{56BF1D85-7145-3D9C-BB00-CBE1BAE2CA16}.RelWithDebInfo|Win32.Build.0 = RelWithDebInfo|Win32
		{CC7FA5ED-0A5D-3AF2-B6F5-73F83BD06449}.Debug|Win32.ActiveCfg = Debug|Win32
		{CC7FA5ED-0A5D-3AF2-B6F5-73F83BD06449}.Debug|Win32.Build.0 = Debug|Win32
		{CC7FA5ED-0A5D-3AF2-B6F5-73F83BD06449}.MinSizeRel|Win32.ActiveCfg = MinSizeRel|Win32
		{CC7FA5ED-0A5D-3AF2-B6F5-73F83BD06449}.MinSizeRel|Win32.Build.0 = MinSizeRel|Win32
		{CC7FA5ED-0A5D-3AF2-B6F5-73F83BD06449}.Release|Win32.ActiveCfg = Release|Win32
		{CC7FA5ED-0A5D-3AF2-B6F5-73F83BD06449}.Release|Win32.Build.0 = Release|Win32
		{CC7FA5ED-0A5D-3AF2-B6F5-73F83BD06449}.RelWithDebInfo|Win32.ActiveCfg = RelWithDebInfo|Win32
		{CC7FA5ED-0A5D-3AF2-B6F5-73F83BD06449}.RelWithDebInfo|Win32.Build.0 = RelWithDebInfo|Win32
		{DF2DCBCC-C797-3D52-AB6C-7F1B3D8CB64A}.Debug|Win32.ActiveCfg = Debug|Win32
		{DF2DCBCC-C797-3D52-AB6C-7F1B3D8CB64A}.Debug|Win32.Build.0 = Debug|Win32
		{DF2DCBCC-C797-3D52-AB6C-7F1B3D8CB64A}.MinSizeRel|Win32.ActiveCfg = MinSizeRel|Win32
		{DF2DCBCC-C797-3D52-AB6C-7F1B3D8CB64A}.MinSizeRel|Win32.Build.0 = MinSizeRel|Win32
		{DF2DCBCC-C797-3D52-AB6C-7F1B3D8CB64A}.Release|Win32.ActiveCfg = Release|Win32
		{DF2DCBCC-C797-3D52-AB6C-7F1B3D8CB64A}.Release|Win32.Build.0 = Release|Win32
		{DF2DCBCC-C797-3D52-AB6C-7F1B3D8CB64A}.RelWithDebInfo|Win32.ActiveCfg = RelWithDebInfo|Win32
		{DF2DCBCC-C797-3D52-AB6C-7F1B3D8CB64A}.RelWithDebInfo|Win32.Build.0 = RelWithDebInfo|Win32
		{9E75CBC3-2BDD-3CD5-BCA7-E2291D512C15}.Debug|Win32.ActiveCfg = Debug|Win32
		{9E75CBC3-2BDD-3CD5-BCA7-E2291D512C15}.Debug|Win32.Build.0 = Debug|Win32
		{9E75CBC3-2BDD-3CD5-BCA7-E2291D512C15}.MinSizeRel|Win32.ActiveCfg = MinSizeRel|Win32
		{9E75CBC3-2BDD-3CD5-BCA7-E2291D512C15}.MinSizeRel|Win32.Build.0 = MinSizeRel|Win32
		{9E75CBC3-2BDD-3CD5-BCA7-E2291D512C15}.Release|Win32.ActiveCfg = Release|Win32
		{9E75CBC3-2BDD-3CD5-BCA7-E2291D512C15}.Release|Win32.Build.0 = Release|Win32
		{9E75CBC3-2BDD-3CD5-BCA7-E2291D512C15}.RelWithDebInfo|Win32.ActiveCfg = RelWithDebInfo|Win32
		{9E75CBC3-2BDD-3CD5-BCA7-E2291D512C15}.RelWithDebInfo|Win32.Build.0 = RelWithDebInfo|Win32
		{71C5BDB6-8A2D-3982-8B3E-B69CBE9A87AD}.Debug|Win32.ActiveCfg = Debug|Win32
		{71C5BDB6-8A2D-3982-8B3E-B69CBE9A87AD}.Debug|Win32.Build.0 = Debug|Win32
		{71C5BDB6-8A2D-3982-8B3E-B69CBE9A87AD}.MinSizeRel|Win32.ActiveCfg = MinSizeRel|Win32
		{71C5BDB6-8A2D-3982-8B3E-B69CBE9A87AD}.MinSizeRel|Win32.Build.0 = MinSizeRel|Win32
		{71C5BDB6-8A2D-3982-8B3E-B69CBE9A87AD}.Release|Win32.ActiveCfg = Release|Win32
		{71C5BDB6-8A2D-3982-8B3E-B69CBE9A87AD}.Release|Win32.Build.0 = Release|Win32
		{71C5BDB6-8A2D-3982-8B3E-B69CBE9A87AD}.RelWithDebInfo|Win32.ActiveCfg = RelWithDebInfo|Win32
		{71C5BDB6-8A2D-3982-8B3E-B69CBE9A87AD}.RelWithDebInfo|Win32.Build.0 = RelWithDebInfo|Win32
		{14C2B8A9-9618-4AD1-BB20-9665B7E41F58}.Debug|Win32.ActiveCfg = Debug|Win32
		{14C2B8A9-9618-4AD1-BB20-9665B7E41F58}.Debug|Win32.Build.0 = Debug|Win32
		{14C2B8A9-9618-4AD1-BB20-9665B7E41F58}.MinSizeRel|Win32.ActiveCfg = Release|Win32
		{14C2B8A9-9618-4AD1-BB20-9665B7E41F58}.MinSizeRel|Win32.Build.0 = Release|Win32
		{14C2B8A9-9618-4AD1-BB20-9665B7E41F58}.Release|Win32.ActiveCfg = Release|Win32
		{14C2B8A9-9618-4AD1-BB20-9665B7E41F58}.Release|Win32.Build.0 = Release|Win32
		{14C2B8A9-9618-4AD1-BB20-9665B7E41F58}.RelWithDebInfo|Win32.ActiveCfg = Release|Win32
		{14C2B8A9-9618-4AD1-BB20-9665B7E41F58}.RelWithDebInfo|Win32.Build.0 = Release|Win32
	EndGlobalSection
	GlobalSection(SolutionProperties) = preSolution
		HideSolutionNode = FALSE
	EndGlobalSection
	GlobalSection(ExtensibilityGlobals) = postSolution
		SolutionGuid = {51101896-0C6D-3235-976D-4E9F7EEE0771}
	EndGlobalSection
EndGlobal
